{
  "name": "backend",
  "version": "1.0.0",
  "lockfileVersion": 3,
  "requires": true,
  "packages": {
    "": {
      "name": "backend",
      "version": "1.0.0",
      "license": "ISC",
      "dependencies": {
        "@types/google-apps-script": "^1.0.84",
        "typescript": "^5.6.3"
      }
    },
    "node_modules/@types/google-apps-script": {
      "version": "1.0.84",
      "resolved": "https://registry.npmjs.org/@types/google-apps-script/-/google-apps-script-1.0.84.tgz",
      "integrity": "sha512-qZBeCyk3vJBGEiWtBSRrV89KVovdo9qruw1rQH8OZAQUgXS8RNbMKnnPI5dW+PuJwM8rMiYZpvl6LeaW9IS+WA==",
      "license": "MIT"
    },
    "node_modules/typescript": {
      "version": "5.6.3",
      "resolved": "https://registry.npmjs.org/typescript/-/typescript-5.6.3.tgz",
      "integrity": "sha512-hjcS1mhfuyi4WW8IWtjP7brDrG2cuDZukyrYrSauoXGNgx0S7zceP07adYkJycEr56BOUTNPzbInooiN3fn1qw==",
      "license": "Apache-2.0",
      "bin": {
        "tsc": "bin/tsc",
        "tsserver": "bin/tsserver"
      },
      "engines": {
        "node": ">=14.17"
      }
    }
  }
}
